
Microsoft Visual Studio Solution File, Format Version 12.00
# Visual Studio Version 17
VisualStudioVersion = 17.9.34723.18
MinimumVisualStudioVersion = 10.0.40219.1
Project("{FAE04EC0-301F-11D3-BF4B-00C04F79EFBC}") = "Pokemon.UWP", "Pokemon\Pokemon.UWP\Pokemon.UWP.csproj", "{BC1D65EE-DC9A-467F-8754-BE3AD1AD8464}"
EndProject
Project("{FAE04EC0-301F-11D3-BF4B-00C04F79EFBC}") = "Pokemon.Android", "Pokemon\Pokemon.Android\Pokemon.Android.csproj", "{FA100082-6878-44FF-8CDD-19026D501892}"
EndProject
Project("{FAE04EC0-301F-11D3-BF4B-00C04F79EFBC}") = "Pokemon.iOS", "Pokemon\Pokemon.iOS\Pokemon.iOS.csproj", "{C9937E65-511E-44CF-9EBB-B2FEA0E55A96}"
EndProject
Project("{9A19103F-16F7-4668-BE54-9A1E7A4F7556}") = "Pokemon", "Pokemon\Pokemon\Pokemon.csproj", "{33C270C8-614F-475B-AF96-5F7FA91E4ACD}"
EndProject
Project("{FAE04EC0-301F-11D3-BF4B-00C04F79EFBC}") = "PokedexNET", "..\PokedexNET_Starter-master\PokedexNET.csproj", "{32051164-C8CC-4F3A-BB10-6CBE77192EDA}"
EndProject
Global
	GlobalSection(SolutionConfigurationPlatforms) = preSolution
		Debug|Any CPU = Debug|Any CPU
		Debug|ARM = Debug|ARM
		Debug|iPhone = Debug|iPhone
		Debug|iPhoneSimulator = Debug|iPhoneSimulator
		Debug|x64 = Debug|x64
		Debug|x86 = Debug|x86
		Release|Any CPU = Release|Any CPU
		Release|ARM = Release|ARM
		Release|iPhone = Release|iPhone
		Release|iPhoneSimulator = Release|iPhoneSimulator
		Release|x64 = Release|x64
		Release|x86 = Release|x86
	EndGlobalSection
	GlobalSection(ProjectConfigurationPlatforms) = postSolution
		{BC1D65EE-DC9A-467F-8754-BE3AD1AD8464}.Debug|Any CPU.ActiveCfg = Debug|x64
		{BC1D65EE-DC9A-467F-8754-BE3AD1AD8464}.Debug|Any CPU.Build.0 = Debug|x64
		{BC1D65EE-DC9A-467F-8754-BE3AD1AD8464}.Debug|Any CPU.Deploy.0 = Debug|x64
		{BC1D65EE-DC9A-467F-8754-BE3AD1AD8464}.Debug|ARM.ActiveCfg = Debug|ARM
		{BC1D65EE-DC9A-467F-8754-BE3AD1AD8464}.Debug|ARM.Build.0 = Debug|ARM
		{BC1D65EE-DC9A-467F-8754-BE3AD1AD8464}.Debug|ARM.Deploy.0 = Debug|ARM
		{BC1D65EE-DC9A-467F-8754-BE3AD1AD8464}.Debug|iPhone.ActiveCfg = Debug|x64
		{BC1D65EE-DC9A-467F-8754-BE3AD1AD8464}.Debug|iPhone.Build.0 = Debug|x64
		{BC1D65EE-DC9A-467F-8754-BE3AD1AD8464}.Debug|iPhone.Deploy.0 = Debug|x64
		{BC1D65EE-DC9A-467F-8754-BE3AD1AD8464}.Debug|iPhoneSimulator.ActiveCfg = Debug|x64
		{BC1D65EE-DC9A-467F-8754-BE3AD1AD8464}.Debug|iPhoneSimulator.Build.0 = Debug|x64
		{BC1D65EE-DC9A-467F-8754-BE3AD1AD8464}.Debug|iPhoneSimulator.Deploy.0 = Debug|x64
		{BC1D65EE-DC9A-467F-8754-BE3AD1AD8464}.Debug|x64.ActiveCfg = Debug|x64
		{BC1D65EE-DC9A-467F-8754-BE3AD1AD8464}.Debug|x64.Build.0 = Debug|x64
		{BC1D65EE-DC9A-467F-8754-BE3AD1AD8464}.Debug|x64.Deploy.0 = Debug|x64
		{BC1D65EE-DC9A-467F-8754-BE3AD1AD8464}.Debug|x86.ActiveCfg = Debug|x86
		{BC1D65EE-DC9A-467F-8754-BE3AD1AD8464}.Debug|x86.Build.0 = Debug|x86
		{BC1D65EE-DC9A-467F-8754-BE3AD1AD8464}.Debug|x86.Deploy.0 = Debug|x86
		{BC1D65EE-DC9A-467F-8754-BE3AD1AD8464}.Release|Any CPU.ActiveCfg = Release|x64
		{BC1D65EE-DC9A-467F-8754-BE3AD1AD8464}.Release|Any CPU.Build.0 = Release|x64
		{BC1D65EE-DC9A-467F-8754-BE3AD1AD8464}.Release|Any CPU.Deploy.0 = Release|x64
		{BC1D65EE-DC9A-467F-8754-BE3AD1AD8464}.Release|ARM.ActiveCfg = Release|ARM
		{BC1D65EE-DC9A-467F-8754-BE3AD1AD8464}.Release|ARM.Build.0 = Release|ARM
		{BC1D65EE-DC9A-467F-8754-BE3AD1AD8464}.Release|ARM.Deploy.0 = Release|ARM
		{BC1D65EE-DC9A-467F-8754-BE3AD1AD8464}.Release|iPhone.ActiveCfg = Release|x64
		{BC1D65EE-DC9A-467F-8754-BE3AD1AD8464}.Release|iPhone.Build.0 = Release|x64
		{BC1D65EE-DC9A-467F-8754-BE3AD1AD8464}.Release|iPhone.Deploy.0 = Release|x64
		{BC1D65EE-DC9A-467F-8754-BE3AD1AD8464}.Release|iPhoneSimulator.ActiveCfg = Release|x64
		{BC1D65EE-DC9A-467F-8754-BE3AD1AD8464}.Release|iPhoneSimulator.Build.0 = Release|x64
		{BC1D65EE-DC9A-467F-8754-BE3AD1AD8464}.Release|iPhoneSimulator.Deploy.0 = Release|x64
		{BC1D65EE-DC9A-467F-8754-BE3AD1AD8464}.Release|x64.ActiveCfg = Release|x64
		{BC1D65EE-DC9A-467F-8754-BE3AD1AD8464}.Release|x64.Build.0 = Release|x64
		{BC1D65EE-DC9A-467F-8754-BE3AD1AD8464}.Release|x64.Deploy.0 = Release|x64
		{BC1D65EE-DC9A-467F-8754-BE3AD1AD8464}.Release|x86.ActiveCfg = Release|x86
		{BC1D65EE-DC9A-467F-8754-BE3AD1AD8464}.Release|x86.Build.0 = Release|x86
		{BC1D65EE-DC9A-467F-8754-BE3AD1AD8464}.Release|x86.Deploy.0 = Release|x86
		{FA100082-6878-44FF-8CDD-19026D501892}.Debug|Any CPU.ActiveCfg = Debug|Any CPU
		{FA100082-6878-44FF-8CDD-19026D501892}.Debug|Any CPU.Build.0 = Debug|Any CPU
		{FA100082-6878-44FF-8CDD-19026D501892}.Debug|Any CPU.Deploy.0 = Debug|Any CPU
		{FA100082-6878-44FF-8CDD-19026D501892}.Debug|ARM.ActiveCfg = Debug|Any CPU
		{FA100082-6878-44FF-8CDD-19026D501892}.Debug|ARM.Build.0 = Debug|Any CPU
		{FA100082-6878-44FF-8CDD-19026D501892}.Debug|ARM.Deploy.0 = Debug|Any CPU
		{FA100082-6878-44FF-8CDD-19026D501892}.Debug|iPhone.ActiveCfg = Debug|Any CPU
		{FA100082-6878-44FF-8CDD-19026D501892}.Debug|iPhone.Build.0 = Debug|Any CPU
		{FA100082-6878-44FF-8CDD-19026D501892}.Debug|iPhone.Deploy.0 = Debug|Any CPU
		{FA100082-6878-44FF-8CDD-19026D501892}.Debug|iPhoneSimulator.ActiveCfg = Debug|Any CPU
		{FA100082-6878-44FF-8CDD-19026D501892}.Debug|iPhoneSimulator.Build.0 = Debug|Any CPU
		{FA100082-6878-44FF-8CDD-19026D501892}.Debug|iPhoneSimulator.Deploy.0 = Debug|Any CPU
		{FA100082-6878-44FF-8CDD-19026D501892}.Debug|x64.ActiveCfg = Debug|Any CPU
		{FA100082-6878-44FF-8CDD-19026D501892}.Debug|x64.Build.0 = Debug|Any CPU
		{FA100082-6878-44FF-8CDD-19026D501892}.Debug|x64.Deploy.0 = Debug|Any CPU
		{FA100082-6878-44FF-8CDD-19026D501892}.Debug|x86.ActiveCfg = Debug|Any CPU
		{FA100082-6878-44FF-8CDD-19026D501892}.Debug|x86.Build.0 = Debug|Any CPU
		{FA100082-6878-44FF-8CDD-19026D501892}.Debug|x86.Deploy.0 = Debug|Any CPU
		{FA100082-6878-44FF-8CDD-19026D501892}.Release|Any CPU.ActiveCfg = Release|Any CPU
		{FA100082-6878-44FF-8CDD-19026D501892}.Release|Any CPU.Build.0 = Release|Any CPU
		{FA100082-6878-44FF-8CDD-19026D501892}.Release|Any CPU.Deploy.0 = Release|Any CPU
		{FA100082-6878-44FF-8CDD-19026D501892}.Release|ARM.ActiveCfg = Release|Any CPU
		{FA100082-6878-44FF-8CDD-19026D501892}.Release|ARM.Build.0 = Release|Any CPU
		{FA100082-6878-44FF-8CDD-19026D501892}.Release|ARM.Deploy.0 = Release|Any CPU
		{FA100082-6878-44FF-8CDD-19026D501892}.Release|iPhone.ActiveCfg = Release|Any CPU
		{FA100082-6878-44FF-8CDD-19026D501892}.Release|iPhone.Build.0 = Release|Any CPU
		{FA100082-6878-44FF-8CDD-19026D501892}.Release|iPhone.Deploy.0 = Release|Any CPU
		{FA100082-6878-44FF-8CDD-19026D501892}.Release|iPhoneSimulator.ActiveCfg = Release|Any CPU
		{FA100082-6878-44FF-8CDD-19026D501892}.Release|iPhoneSimulator.Build.0 = Release|Any CPU
		{FA100082-6878-44FF-8CDD-19026D501892}.Release|iPhoneSimulator.Deploy.0 = Release|Any CPU
		{FA100082-6878-44FF-8CDD-19026D501892}.Release|x64.ActiveCfg = Release|Any CPU
		{FA100082-6878-44FF-8CDD-19026D501892}.Release|x64.Build.0 = Release|Any CPU
		{FA100082-6878-44FF-8CDD-19026D501892}.Release|x64.Deploy.0 = Release|Any CPU
		{FA100082-6878-44FF-8CDD-19026D501892}.Release|x86.ActiveCfg = Release|Any CPU
		{FA100082-6878-44FF-8CDD-19026D501892}.Release|x86.Build.0 = Release|Any CPU
		{FA100082-6878-44FF-8CDD-19026D501892}.Release|x86.Deploy.0 = Release|Any CPU
		{C9937E65-511E-44CF-9EBB-B2FEA0E55A96}.Debug|Any CPU.ActiveCfg = Debug|iPhoneSimulator
		{C9937E65-511E-44CF-9EBB-B2FEA0E55A96}.Debug|Any CPU.Build.0 = Debug|iPhoneSimulator
		{C9937E65-511E-44CF-9EBB-B2FEA0E55A96}.Debug|Any CPU.Deploy.0 = Debug|iPhoneSimulator
		{C9937E65-511E-44CF-9EBB-B2FEA0E55A96}.Debug|ARM.ActiveCfg = Debug|iPhoneSimulator
		{C9937E65-511E-44CF-9EBB-B2FEA0E55A96}.Debug|ARM.Build.0 = Debug|iPhoneSimulator
		{C9937E65-511E-44CF-9EBB-B2FEA0E55A96}.Debug|ARM.Deploy.0 = Debug|iPhoneSimulator
		{C9937E65-511E-44CF-9EBB-B2FEA0E55A96}.Debug|iPhone.ActiveCfg = Debug|iPhone
		{C9937E65-511E-44CF-9EBB-B2FEA0E55A96}.Debug|iPhone.Build.0 = Debug|iPhone
		{C9937E65-511E-44CF-9EBB-B2FEA0E55A96}.Debug|iPhone.Deploy.0 = Debug|iPhone
		{C9937E65-511E-44CF-9EBB-B2FEA0E55A96}.Debug|iPhoneSimulator.ActiveCfg = Debug|iPhoneSimulator
		{C9937E65-511E-44CF-9EBB-B2FEA0E55A96}.Debug|iPhoneSimulator.Build.0 = Debug|iPhoneSimulator
		{C9937E65-511E-44CF-9EBB-B2FEA0E55A96}.Debug|iPhoneSimulator.Deploy.0 = Debug|iPhoneSimulator
		{C9937E65-511E-44CF-9EBB-B2FEA0E55A96}.Debug|x64.ActiveCfg = Debug|iPhone
		{C9937E65-511E-44CF-9EBB-B2FEA0E55A96}.Debug|x64.Build.0 = Debug|iPhone
		{C9937E65-511E-44CF-9EBB-B2FEA0E55A96}.Debug|x64.Deploy.0 = Debug|iPhone
		{C9937E65-511E-44CF-9EBB-B2FEA0E55A96}.Debug|x86.ActiveCfg = Debug|iPhoneSimulator
		{C9937E65-511E-44CF-9EBB-B2FEA0E55A96}.Debug|x86.Build.0 = Debug|iPhoneSimulator
		{C9937E65-511E-44CF-9EBB-B2FEA0E55A96}.Debug|x86.Deploy.0 = Debug|iPhoneSimulator
		{C9937E65-511E-44CF-9EBB-B2FEA0E55A96}.Release|Any CPU.ActiveCfg = Release|iPhoneSimulator
		{C9937E65-511E-44CF-9EBB-B2FEA0E55A96}.Release|Any CPU.Build.0 = Release|iPhoneSimulator
		{C9937E65-511E-44CF-9EBB-B2FEA0E55A96}.Release|Any CPU.Deploy.0 = Release|iPhoneSimulator
		{C9937E65-511E-44CF-9EBB-B2FEA0E55A96}.Release|ARM.ActiveCfg = Release|iPhoneSimulator
		{C9937E65-511E-44CF-9EBB-B2FEA0E55A96}.Release|ARM.Build.0 = Release|iPhoneSimulator
		{C9937E65-511E-44CF-9EBB-B2FEA0E55A96}.Release|ARM.Deploy.0 = Release|iPhoneSimulator
		{C9937E65-511E-44CF-9EBB-B2FEA0E55A96}.Release|iPhone.ActiveCfg = Release|iPhone
		{C9937E65-511E-44CF-9EBB-B2FEA0E55A96}.Release|iPhone.Build.0 = Release|iPhone
		{C9937E65-511E-44CF-9EBB-B2FEA0E55A96}.Release|iPhone.Deploy.0 = Release|iPhone
		{C9937E65-511E-44CF-9EBB-B2FEA0E55A96}.Release|iPhoneSimulator.ActiveCfg = Release|iPhoneSimulator
		{C9937E65-511E-44CF-9EBB-B2FEA0E55A96}.Release|iPhoneSimulator.Build.0 = Release|iPhoneSimulator
		{C9937E65-511E-44CF-9EBB-B2FEA0E55A96}.Release|iPhoneSimulator.Deploy.0 = Release|iPhoneSimulator
		{C9937E65-511E-44CF-9EBB-B2FEA0E55A96}.Release|x64.ActiveCfg = Release|iPhoneSimulator
		{C9937E65-511E-44CF-9EBB-B2FEA0E55A96}.Release|x64.Build.0 = Release|iPhoneSimulator
		{C9937E65-511E-44CF-9EBB-B2FEA0E55A96}.Release|x64.Deploy.0 = Release|iPhoneSimulator
		{C9937E65-511E-44CF-9EBB-B2FEA0E55A96}.Release|x86.ActiveCfg = Release|iPhoneSimulator
		{C9937E65-511E-44CF-9EBB-B2FEA0E55A96}.Release|x86.Build.0 = Release|iPhoneSimulator
		{C9937E65-511E-44CF-9EBB-B2FEA0E55A96}.Release|x86.Deploy.0 = Release|iPhoneSimulator
		{33C270C8-614F-475B-AF96-5F7FA91E4ACD}.Debug|Any CPU.ActiveCfg = Debug|Any CPU
		{33C270C8-614F-475B-AF96-5F7FA91E4ACD}.Debug|Any CPU.Build.0 = Debug|Any CPU
		{33C270C8-614F-475B-AF96-5F7FA91E4ACD}.Debug|Any CPU.Deploy.0 = Debug|Any CPU
		{33C270C8-614F-475B-AF96-5F7FA91E4ACD}.Debug|ARM.ActiveCfg = Debug|Any CPU
		{33C270C8-614F-475B-AF96-5F7FA91E4ACD}.Debug|ARM.Build.0 = Debug|Any CPU
		{33C270C8-614F-475B-AF96-5F7FA91E4ACD}.Debug|ARM.Deploy.0 = Debug|Any CPU
		{33C270C8-614F-475B-AF96-5F7FA91E4ACD}.Debug|iPhone.ActiveCfg = Debug|Any CPU
		{33C270C8-614F-475B-AF96-5F7FA91E4ACD}.Debug|iPhone.Build.0 = Debug|Any CPU
		{33C270C8-614F-475B-AF96-5F7FA91E4ACD}.Debug|iPhone.Deploy.0 = Debug|Any CPU
		{33C270C8-614F-475B-AF96-5F7FA91E4ACD}.Debug|iPhoneSimulator.ActiveCfg = Debug|Any CPU
		{33C270C8-614F-475B-AF96-5F7FA91E4ACD}.Debug|iPhoneSimulator.Build.0 = Debug|Any CPU
		{33C270C8-614F-475B-AF96-5F7FA91E4ACD}.Debug|iPhoneSimulator.Deploy.0 = Debug|Any CPU
		{33C270C8-614F-475B-AF96-5F7FA91E4ACD}.Debug|x64.ActiveCfg = Debug|Any CPU
		{33C270C8-614F-475B-AF96-5F7FA91E4ACD}.Debug|x64.Build.0 = Debug|Any CPU
		{33C270C8-614F-475B-AF96-5F7FA91E4ACD}.Debug|x64.Deploy.0 = Debug|Any CPU
		{33C270C8-614F-475B-AF96-5F7FA91E4ACD}.Debug|x86.ActiveCfg = Debug|Any CPU
		{33C270C8-614F-475B-AF96-5F7FA91E4ACD}.Debug|x86.Build.0 = Debug|Any CPU
		{33C270C8-614F-475B-AF96-5F7FA91E4ACD}.Debug|x86.Deploy.0 = Debug|Any CPU
		{33C270C8-614F-475B-AF96-5F7FA91E4ACD}.Release|Any CPU.ActiveCfg = Release|Any CPU
		{33C270C8-614F-475B-AF96-5F7FA91E4ACD}.Release|Any CPU.Build.0 = Release|Any CPU
		{33C270C8-614F-475B-AF96-5F7FA91E4ACD}.Release|Any CPU.Deploy.0 = Release|Any CPU
		{33C270C8-614F-475B-AF96-5F7FA91E4ACD}.Release|ARM.ActiveCfg = Release|Any CPU
		{33C270C8-614F-475B-AF96-5F7FA91E4ACD}.Release|ARM.Build.0 = Release|Any CPU
		{33C270C8-614F-475B-AF96-5F7FA91E4ACD}.Release|ARM.Deploy.0 = Release|Any CPU
		{33C270C8-614F-475B-AF96-5F7FA91E4ACD}.Release|iPhone.ActiveCfg = Release|Any CPU
		{33C270C8-614F-475B-AF96-5F7FA91E4ACD}.Release|iPhone.Build.0 = Release|Any CPU
		{33C270C8-614F-475B-AF96-5F7FA91E4ACD}.Release|iPhone.Deploy.0 = Release|Any CPU
		{33C270C8-614F-475B-AF96-5F7FA91E4ACD}.Release|iPhoneSimulator.ActiveCfg = Release|Any CPU
		{33C270C8-614F-475B-AF96-5F7FA91E4ACD}.Release|iPhoneSimulator.Build.0 = Release|Any CPU
		{33C270C8-614F-475B-AF96-5F7FA91E4ACD}.Release|iPhoneSimulator.Deploy.0 = Release|Any CPU
		{33C270C8-614F-475B-AF96-5F7FA91E4ACD}.Release|x64.ActiveCfg = Release|Any CPU
		{33C270C8-614F-475B-AF96-5F7FA91E4ACD}.Release|x64.Build.0 = Release|Any CPU
		{33C270C8-614F-475B-AF96-5F7FA91E4ACD}.Release|x64.Deploy.0 = Release|Any CPU
		{33C270C8-614F-475B-AF96-5F7FA91E4ACD}.Release|x86.ActiveCfg = Release|Any CPU
		{33C270C8-614F-475B-AF96-5F7FA91E4ACD}.Release|x86.Build.0 = Release|Any CPU
		{33C270C8-614F-475B-AF96-5F7FA91E4ACD}.Release|x86.Deploy.0 = Release|Any CPU
		{32051164-C8CC-4F3A-BB10-6CBE77192EDA}.Debug|Any CPU.ActiveCfg = Debug|Any CPU
		{32051164-C8CC-4F3A-BB10-6CBE77192EDA}.Debug|Any CPU.Build.0 = Debug|Any CPU
		{32051164-C8CC-4F3A-BB10-6CBE77192EDA}.Debug|ARM.ActiveCfg = Debug|Any CPU
		{32051164-C8CC-4F3A-BB10-6CBE77192EDA}.Debug|ARM.Build.0 = Debug|Any CPU
		{32051164-C8CC-4F3A-BB10-6CBE77192EDA}.Debug|iPhone.ActiveCfg = Debug|Any CPU
		{32051164-C8CC-4F3A-BB10-6CBE77192EDA}.Debug|iPhone.Build.0 = Debug|Any CPU
		{32051164-C8CC-4F3A-BB10-6CBE77192EDA}.Debug|iPhoneSimulator.ActiveCfg = Debug|Any CPU
		{32051164-C8CC-4F3A-BB10-6CBE77192EDA}.Debug|iPhoneSimulator.Build.0 = Debug|Any CPU
		{32051164-C8CC-4F3A-BB10-6CBE77192EDA}.Debug|x64.ActiveCfg = Debug|Any CPU
		{32051164-C8CC-4F3A-BB10-6CBE77192EDA}.Debug|x64.Build.0 = Debug|Any CPU
		{32051164-C8CC-4F3A-BB10-6CBE77192EDA}.Debug|x86.ActiveCfg = Debug|Any CPU
		{32051164-C8CC-4F3A-BB10-6CBE77192EDA}.Debug|x86.Build.0 = Debug|Any CPU
		{32051164-C8CC-4F3A-BB10-6CBE77192EDA}.Release|Any CPU.ActiveCfg = Release|Any CPU
		{32051164-C8CC-4F3A-BB10-6CBE77192EDA}.Release|Any CPU.Build.0 = Release|Any CPU
		{32051164-C8CC-4F3A-BB10-6CBE77192EDA}.Release|ARM.ActiveCfg = Release|Any CPU
		{32051164-C8CC-4F3A-BB10-6CBE77192EDA}.Release|ARM.Build.0 = Release|Any CPU
		{32051164-C8CC-4F3A-BB10-6CBE77192EDA}.Release|iPhone.ActiveCfg = Release|Any CPU
		{32051164-C8CC-4F3A-BB10-6CBE77192EDA}.Release|iPhone.Build.0 = Release|Any CPU
		{32051164-C8CC-4F3A-BB10-6CBE77192EDA}.Release|iPhoneSimulator.ActiveCfg = Release|Any CPU
		{32051164-C8CC-4F3A-BB10-6CBE77192EDA}.Release|iPhoneSimulator.Build.0 = Release|Any CPU
		{32051164-C8CC-4F3A-BB10-6CBE77192EDA}.Release|x64.ActiveCfg = Release|Any CPU
		{32051164-C8CC-4F3A-BB10-6CBE77192EDA}.Release|x64.Build.0 = Release|Any CPU
		{32051164-C8CC-4F3A-BB10-6CBE77192EDA}.Release|x86.ActiveCfg = Release|Any CPU
		{32051164-C8CC-4F3A-BB10-6CBE77192EDA}.Release|x86.Build.0 = Release|Any CPU
	EndGlobalSection
	GlobalSection(SolutionProperties) = preSolution
		HideSolutionNode = FALSE
	EndGlobalSection
	GlobalSection(ExtensibilityGlobals) = postSolution
		SolutionGuid = {1E64B04D-9660-482D-9F26-103FAF3C8E49}
	EndGlobalSection
EndGlobal
